
Microsoft Visual Studio Solution File, Format Version 12.00
# Visual Studio 15
VisualStudioVersion = 15.0.26730.15
MinimumVisualStudioVersion = 10.0.40219.1
Project("{F184B08F-C81C-45F6-A57F-5ABD9991F28F}") = "gamer tag", "gamer tag\gamer tag.vbproj", "{AB52BB0D-43EC-4B20-83DE-EDC7B8C46CA2}"
EndProject
Global
	GlobalSection(SolutionConfigurationPlatforms) = preSolution
		Debug|Any CPU = Debug|Any CPU
		Release|Any CPU = Release|Any CPU
	EndGlobalSection
	GlobalSection(ProjectConfigurationPlatforms) = postSolution
		{AB52BB0D-43EC-4B20-83DE-EDC7B8C46CA2}.Debug|Any CPU.ActiveCfg = Debug|Any CPU
		{AB52BB0D-43EC-4B20-83DE-EDC7B8C46CA2}.Debug|Any CPU.Build.0 = Debug|Any CPU
		{AB52BB0D-43EC-4B20-83DE-EDC7B8C46CA2}.Release|Any CPU.ActiveCfg = Release|Any CPU
		{AB52BB0D-43EC-4B20-83DE-EDC7B8C46CA2}.Release|Any CPU.Build.0 = Release|Any CPU
	EndGlobalSection
	GlobalSection(SolutionProperties) = preSolution
		HideSolutionNode = FALSE
	EndGlobalSection
	GlobalSection(ExtensibilityGlobals) = postSolution
		SolutionGuid = {F62DDE91-27E6-421A-99A9-C06A7354DDD0}
	EndGlobalSection
EndGlobal
